
Microsoft Visual Studio Solution File, Format Version 12.00
# Visual Studio 15
VisualStudioVersion = 15.0.27703.2042
MinimumVisualStudioVersion = 10.0.40219.1
Project("{FAE04EC0-301F-11D3-BF4B-00C04F79EFBC}") = "SafePlace", "SafePlace\SafePlace.csproj", "{D0C0DD38-AD3B-4877-9469-2BF43B2117ED}"
EndProject
Project("{9A19103F-16F7-4668-BE54-9A1E7A4F7556}") = "UnitTests", "UnitTests\UnitTests.csproj", "{AE9E1CE1-E2E9-48AA-A69B-B437EA197AB9}"
EndProject
Project("{FAE04EC0-301F-11D3-BF4B-00C04F79EFBC}") = "WebService", "WebService\WebService.csproj", "{D17EC51C-8DBA-4E36-97C9-132251ACFA2D}"
EndProject
Global
	GlobalSection(SolutionConfigurationPlatforms) = preSolution
		Debug|Any CPU = Debug|Any CPU
		Release|Any CPU = Release|Any CPU
	EndGlobalSection
	GlobalSection(ProjectConfigurationPlatforms) = postSolution
		{D0C0DD38-AD3B-4877-9469-2BF43B2117ED}.Debug|Any CPU.ActiveCfg = Debug|Any CPU
		{D0C0DD38-AD3B-4877-9469-2BF43B2117ED}.Debug|Any CPU.Build.0 = Debug|Any CPU
		{D0C0DD38-AD3B-4877-9469-2BF43B2117ED}.Release|Any CPU.ActiveCfg = Release|Any CPU
		{D0C0DD38-AD3B-4877-9469-2BF43B2117ED}.Release|Any CPU.Build.0 = Release|Any CPU
		{AE9E1CE1-E2E9-48AA-A69B-B437EA197AB9}.Debug|Any CPU.ActiveCfg = Debug|Any CPU
		{AE9E1CE1-E2E9-48AA-A69B-B437EA197AB9}.Debug|Any CPU.Build.0 = Debug|Any CPU
		{AE9E1CE1-E2E9-48AA-A69B-B437EA197AB9}.Release|Any CPU.ActiveCfg = Release|Any CPU
		{AE9E1CE1-E2E9-48AA-A69B-B437EA197AB9}.Release|Any CPU.Build.0 = Release|Any CPU
		{D17EC51C-8DBA-4E36-97C9-132251ACFA2D}.Debug|Any CPU.ActiveCfg = Debug|Any CPU
		{D17EC51C-8DBA-4E36-97C9-132251ACFA2D}.Debug|Any CPU.Build.0 = Debug|Any CPU
		{D17EC51C-8DBA-4E36-97C9-132251ACFA2D}.Release|Any CPU.ActiveCfg = Release|Any CPU
		{D17EC51C-8DBA-4E36-97C9-132251ACFA2D}.Release|Any CPU.Build.0 = Release|Any CPU
	EndGlobalSection
	GlobalSection(SolutionProperties) = preSolution
		HideSolutionNode = FALSE
	EndGlobalSection
	GlobalSection(ExtensibilityGlobals) = postSolution
		SolutionGuid = {052E86B8-AEC4-44E8-A3F2-3F92B715169B}
	EndGlobalSection
EndGlobal
